// !$*UTF8*$!
{
	archiveVersion = 1;
	classes = {
	};
	objectVersion = 56;
	objects = {

/* Begin PBXBuildFile section */
		7A5DF8912B209EE000BB63F1 /* AppDelegate.swift in Sources */ = {isa = PBXBuildFile; fileRef = 7A5DF8902B209EE000BB63F1 /* AppDelegate.swift */; };
		7A5DF8932B209EE000BB63F1 /* SceneDelegate.swift in Sources */ = {isa = PBXBuildFile; fileRef = 7A5DF8922B209EE000BB63F1 /* SceneDelegate.swift */; };
		7A5DF8952B209EE000BB63F1 /* ViewController.swift in Sources */ = {isa = PBXBuildFile; fileRef = 7A5DF8942B209EE000BB63F1 /* ViewController.swift */; };
		7A5DF8982B209EE000BB63F1 /* Main.storyboard in Resources */ = {isa = PBXBuildFile; fileRef = 7A5DF8962B209EE000BB63F1 /* Main.storyboard */; };
		7A5DF89A2B209EE200BB63F1 /* Assets.xcassets in Resources */ = {isa = PBXBuildFile; fileRef = 7A5DF8992B209EE200BB63F1 /* Assets.xcassets */; };
		7A5DF89D2B209EE300BB63F1 /* LaunchScreen.storyboard in Resources */ = {isa = PBXBuildFile; fileRef = 7A5DF89B2B209EE300BB63F1 /* LaunchScreen.storyboard */; };
		7A5DF8A82B209EE300BB63F1 /* intro_uikitTests.swift in Sources */ = {isa = PBXBuildFile; fileRef = 7A5DF8A72B209EE300BB63F1 /* intro_uikitTests.swift */; };
		7A5DF8B22B209EE300BB63F1 /* intro_uikitUITests.swift in Sources */ = {isa = PBXBuildFile; fileRef = 7A5DF8B12B209EE300BB63F1 /* intro_uikitUITests.swift */; };
		7A5DF8B42B209EE300BB63F1 /* intro_uikitUITestsLaunchTests.swift in Sources */ = {isa = PBXBuildFile; fileRef = 7A5DF8B32B209EE300BB63F1 /* intro_uikitUITestsLaunchTests.swift */; };
		7A5DF8C42B20ABAF00BB63F1 /* DocumentTableViewController.swift in Sources */ = {isa = PBXBuildFile; fileRef = 7A5DF8C32B20ABAF00BB63F1 /* DocumentTableViewController.swift */; };
		7A5DF8D12B20C45C00BB63F1 /* zeng-yili-a6Qmzhjzc0M-unsplash.jpg in Resources */ = {isa = PBXBuildFile; fileRef = 7A5DF8CD2B20C45B00BB63F1 /* zeng-yili-a6Qmzhjzc0M-unsplash.jpg */; };
		7A5DF8D22B20C45C00BB63F1 /* maeva-vigier-8L85v53b8C0-unsplash.jpg in Resources */ = {isa = PBXBuildFile; fileRef = 7A5DF8CE2B20C45B00BB63F1 /* maeva-vigier-8L85v53b8C0-unsplash.jpg */; };
		7A5DF8D32B20C45C00BB63F1 /* claudio-schwarz-tPg2jQrh8Gs-unsplash.jpg in Resources */ = {isa = PBXBuildFile; fileRef = 7A5DF8CF2B20C45C00BB63F1 /* claudio-schwarz-tPg2jQrh8Gs-unsplash.jpg */; };
		7A5DF8D42B20C45C00BB63F1 /* grab-3z9oSasKbeA-unsplash.jpg in Resources */ = {isa = PBXBuildFile; fileRef = 7A5DF8D02B20C45C00BB63F1 /* grab-3z9oSasKbeA-unsplash.jpg */; };
		AB05DB7D2B37313300350F98 /* DocumentViewController.swift in Sources */ = {isa = PBXBuildFile; fileRef = AB05DB7C2B37313300350F98 /* DocumentViewController.swift */; };
/* End PBXBuildFile section */

/* Begin PBXContainerItemProxy section */
		7A5DF8A42B209EE300BB63F1 /* PBXContainerItemProxy */ = {
			isa = PBXContainerItemProxy;
			containerPortal = 7A5DF8852B209EE000BB63F1 /* Project object */;
			proxyType = 1;
			remoteGlobalIDString = 7A5DF88C2B209EE000BB63F1;
			remoteInfo = intro_uikit;
		};
		7A5DF8AE2B209EE300BB63F1 /* PBXContainerItemProxy */ = {
			isa = PBXContainerItemProxy;
			containerPortal = 7A5DF8852B209EE000BB63F1 /* Project object */;
			proxyType = 1;
			remoteGlobalIDString = 7A5DF88C2B209EE000BB63F1;
			remoteInfo = intro_uikit;
		};
/* End PBXContainerItemProxy section */

/* Begin PBXFileReference section */
		7A5DF88D2B209EE000BB63F1 /* intro_uikit.app */ = {isa = PBXFileReference; explicitFileType = wrapper.application; includeInIndex = 0; path = intro_uikit.app; sourceTree = BUILT_PRODUCTS_DIR; };
		7A5DF8902B209EE000BB63F1 /* AppDelegate.swift */ = {isa = PBXFileReference; lastKnownFileType = sourcecode.swift; path = AppDelegate.swift; sourceTree = "<group>"; };
		7A5DF8922B209EE000BB63F1 /* SceneDelegate.swift */ = {isa = PBXFileReference; lastKnownFileType = sourcecode.swift; path = SceneDelegate.swift; sourceTree = "<group>"; };
		7A5DF8942B209EE000BB63F1 /* ViewController.swift */ = {isa = PBXFileReference; lastKnownFileType = sourcecode.swift; path = ViewController.swift; sourceTree = "<group>"; };
		7A5DF8972B209EE000BB63F1 /* Base */ = {isa = PBXFileReference; lastKnownFileType = file.storyboard; name = Base; path = Base.lproj/Main.storyboard; sourceTree = "<group>"; };
		7A5DF8992B209EE200BB63F1 /* Assets.xcassets */ = {isa = PBXFileReference; lastKnownFileType = folder.assetcatalog; path = Assets.xcassets; sourceTree = "<group>"; };
		7A5DF89C2B209EE300BB63F1 /* Base */ = {isa = PBXFileReference; lastKnownFileType = file.storyboard; name = Base; path = Base.lproj/LaunchScreen.storyboard; sourceTree = "<group>"; };
		7A5DF89E2B209EE300BB63F1 /* Info.plist */ = {isa = PBXFileReference; lastKnownFileType = text.plist.xml; path = Info.plist; sourceTree = "<group>"; };
		7A5DF8A32B209EE300BB63F1 /* intro_uikitTests.xctest */ = {isa = PBXFileReference; explicitFileType = wrapper.cfbundle; includeInIndex = 0; path = intro_uikitTests.xctest; sourceTree = BUILT_PRODUCTS_DIR; };
		7A5DF8A72B209EE300BB63F1 /* intro_uikitTests.swift */ = {isa = PBXFileReference; lastKnownFileType = sourcecode.swift; path = intro_uikitTests.swift; sourceTree = "<group>"; };
		7A5DF8AD2B209EE300BB63F1 /* intro_uikitUITests.xctest */ = {isa = PBXFileReference; explicitFileType = wrapper.cfbundle; includeInIndex = 0; path = intro_uikitUITests.xctest; sourceTree = BUILT_PRODUCTS_DIR; };
		7A5DF8B12B209EE300BB63F1 /* intro_uikitUITests.swift */ = {isa = PBXFileReference; lastKnownFileType = sourcecode.swift; path = intro_uikitUITests.swift; sourceTree = "<group>"; };
		7A5DF8B32B209EE300BB63F1 /* intro_uikitUITestsLaunchTests.swift */ = {isa = PBXFileReference; lastKnownFileType = sourcecode.swift; path = intro_uikitUITestsLaunchTests.swift; sourceTree = "<group>"; };
		7A5DF8C02B20A14D00BB63F1 /* answers.md */ = {isa = PBXFileReference; lastKnownFileType = net.daringfireball.markdown; path = answers.md; sourceTree = "<group>"; };
		7A5DF8C32B20ABAF00BB63F1 /* DocumentTableViewController.swift */ = {isa = PBXFileReference; lastKnownFileType = sourcecode.swift; path = DocumentTableViewController.swift; sourceTree = "<group>"; };
		7A5DF8CD2B20C45B00BB63F1 /* zeng-yili-a6Qmzhjzc0M-unsplash.jpg */ = {isa = PBXFileReference; lastKnownFileType = image.jpeg; path = "zeng-yili-a6Qmzhjzc0M-unsplash.jpg"; sourceTree = "<group>"; };
		7A5DF8CE2B20C45B00BB63F1 /* maeva-vigier-8L85v53b8C0-unsplash.jpg */ = {isa = PBXFileReference; lastKnownFileType = image.jpeg; path = "maeva-vigier-8L85v53b8C0-unsplash.jpg"; sourceTree = "<group>"; };
		7A5DF8CF2B20C45C00BB63F1 /* claudio-schwarz-tPg2jQrh8Gs-unsplash.jpg */ = {isa = PBXFileReference; lastKnownFileType = image.jpeg; path = "claudio-schwarz-tPg2jQrh8Gs-unsplash.jpg"; sourceTree = "<group>"; };
		7A5DF8D02B20C45C00BB63F1 /* grab-3z9oSasKbeA-unsplash.jpg */ = {isa = PBXFileReference; lastKnownFileType = image.jpeg; path = "grab-3z9oSasKbeA-unsplash.jpg"; sourceTree = "<group>"; };
		AB05DB7C2B37313300350F98 /* DocumentViewController.swift */ = {isa = PBXFileReference; lastKnownFileType = sourcecode.swift; path = DocumentViewController.swift; sourceTree = "<group>"; };
/* End PBXFileReference section */

/* Begin PBXFrameworksBuildPhase section */
		7A5DF88A2B209EE000BB63F1 /* Frameworks */ = {
			isa = PBXFrameworksBuildPhase;
			buildActionMask = 2147483647;
			files = (
			);
			runOnlyForDeploymentPostprocessing = 0;
		};
		7A5DF8A02B209EE300BB63F1 /* Frameworks */ = {
			isa = PBXFrameworksBuildPhase;
			buildActionMask = 2147483647;
			files = (
			);
			runOnlyForDeploymentPostprocessing = 0;
		};
		7A5DF8AA2B209EE300BB63F1 /* Frameworks */ = {
			isa = PBXFrameworksBuildPhase;
			buildActionMask = 2147483647;
			files = (
			);
			runOnlyForDeploymentPostprocessing = 0;
		};
/* End PBXFrameworksBuildPhase section */

/* Begin PBXGroup section */
		7A5DF8842B209EE000BB63F1 = {
			isa = PBXGroup;
			children = (
				7A5DF8C02B20A14D00BB63F1 /* answers.md */,
				7A5DF88F2B209EE000BB63F1 /* intro_uikit */,
				7A5DF8A62B209EE300BB63F1 /* intro_uikitTests */,
				7A5DF8B02B209EE300BB63F1 /* intro_uikitUITests */,
				7A5DF88E2B209EE000BB63F1 /* Products */,
			);
			sourceTree = "<group>";
		};
		7A5DF88E2B209EE000BB63F1 /* Products */ = {
			isa = PBXGroup;
			children = (
				7A5DF88D2B209EE000BB63F1 /* intro_uikit.app */,
				7A5DF8A32B209EE300BB63F1 /* intro_uikitTests.xctest */,
				7A5DF8AD2B209EE300BB63F1 /* intro_uikitUITests.xctest */,
			);
			name = Products;
			sourceTree = "<group>";
		};
		7A5DF88F2B209EE000BB63F1 /* intro_uikit */ = {
			isa = PBXGroup;
			children = (
				7A5DF8CF2B20C45C00BB63F1 /* claudio-schwarz-tPg2jQrh8Gs-unsplash.jpg */,
				7A5DF8D02B20C45C00BB63F1 /* grab-3z9oSasKbeA-unsplash.jpg */,
				7A5DF8CE2B20C45B00BB63F1 /* maeva-vigier-8L85v53b8C0-unsplash.jpg */,
				7A5DF8CD2B20C45B00BB63F1 /* zeng-yili-a6Qmzhjzc0M-unsplash.jpg */,
				7A5DF8902B209EE000BB63F1 /* AppDelegate.swift */,
				7A5DF8922B209EE000BB63F1 /* SceneDelegate.swift */,
				7A5DF8942B209EE000BB63F1 /* ViewController.swift */,
				7A5DF8962B209EE000BB63F1 /* Main.storyboard */,
				7A5DF8992B209EE200BB63F1 /* Assets.xcassets */,
				7A5DF89B2B209EE300BB63F1 /* LaunchScreen.storyboard */,
				7A5DF89E2B209EE300BB63F1 /* Info.plist */,
				7A5DF8C32B20ABAF00BB63F1 /* DocumentTableViewController.swift */,
				AB05DB7C2B37313300350F98 /* DocumentViewController.swift */,
			);
			path = intro_uikit;
			sourceTree = "<group>";
		};
		7A5DF8A62B209EE300BB63F1 /* intro_uikitTests */ = {
			isa = PBXGroup;
			children = (
				7A5DF8A72B209EE300BB63F1 /* intro_uikitTests.swift */,
			);
			path = intro_uikitTests;
			sourceTree = "<group>";
		};
		7A5DF8B02B209EE300BB63F1 /* intro_uikitUITests */ = {
			isa = PBXGroup;
			children = (
				7A5DF8B12B209EE300BB63F1 /* intro_uikitUITests.swift */,
				7A5DF8B32B209EE300BB63F1 /* intro_uikitUITestsLaunchTests.swift */,
			);
			path = intro_uikitUITests;
			sourceTree = "<group>";
		};
/* End PBXGroup section */

/* Begin PBXNativeTarget section */
		7A5DF88C2B209EE000BB63F1 /* intro_uikit */ = {
			isa = PBXNativeTarget;
			buildConfigurationList = 7A5DF8B72B209EE300BB63F1 /* Build configuration list for PBXNativeTarget "intro_uikit" */;
			buildPhases = (
				7A5DF8892B209EE000BB63F1 /* Sources */,
				7A5DF88A2B209EE000BB63F1 /* Frameworks */,
				7A5DF88B2B209EE000BB63F1 /* Resources */,
			);
			buildRules = (
			);
			dependencies = (
			);
			name = intro_uikit;
			productName = intro_uikit;
			productReference = 7A5DF88D2B209EE000BB63F1 /* intro_uikit.app */;
			productType = "com.apple.product-type.application";
		};
		7A5DF8A22B209EE300BB63F1 /* intro_uikitTests */ = {
			isa = PBXNativeTarget;
			buildConfigurationList = 7A5DF8BA2B209EE300BB63F1 /* Build configuration list for PBXNativeTarget "intro_uikitTests" */;
			buildPhases = (
				7A5DF89F2B209EE300BB63F1 /* Sources */,
				7A5DF8A02B209EE300BB63F1 /* Frameworks */,
				7A5DF8A12B209EE300BB63F1 /* Resources */,
			);
			buildRules = (
			);
			dependencies = (
				7A5DF8A52B209EE300BB63F1 /* PBXTargetDependency */,
			);
			name = intro_uikitTests;
			productName = intro_uikitTests;
			productReference = 7A5DF8A32B209EE300BB63F1 /* intro_uikitTests.xctest */;
			productType = "com.apple.product-type.bundle.unit-test";
		};
		7A5DF8AC2B209EE300BB63F1 /* intro_uikitUITests */ = {
			isa = PBXNativeTarget;
			buildConfigurationList = 7A5DF8BD2B209EE300BB63F1 /* Build configuration list for PBXNativeTarget "intro_uikitUITests" */;
			buildPhases = (
				7A5DF8A92B209EE300BB63F1 /* Sources */,
				7A5DF8AA2B209EE300BB63F1 /* Frameworks */,
				7A5DF8AB2B209EE300BB63F1 /* Resources */,
			);
			buildRules = (
			);
			dependencies = (
				7A5DF8AF2B209EE300BB63F1 /* PBXTargetDependency */,
			);
			name = intro_uikitUITests;
			productName = intro_uikitUITests;
			productReference = 7A5DF8AD2B209EE300BB63F1 /* intro_uikitUITests.xctest */;
			productType = "com.apple.product-type.bundle.ui-testing";
		};
/* End PBXNativeTarget section */

/* Begin PBXProject section */
		7A5DF8852B209EE000BB63F1 /* Project object */ = {
			isa = PBXProject;
			attributes = {
				BuildIndependentTargetsInParallel = 1;
				LastSwiftUpdateCheck = 1420;
				LastUpgradeCheck = 1420;
				TargetAttributes = {
					7A5DF88C2B209EE000BB63F1 = {
						CreatedOnToolsVersion = 14.2;
					};
					7A5DF8A22B209EE300BB63F1 = {
						CreatedOnToolsVersion = 14.2;
						TestTargetID = 7A5DF88C2B209EE000BB63F1;
					};
					7A5DF8AC2B209EE300BB63F1 = {
						CreatedOnToolsVersion = 14.2;
						TestTargetID = 7A5DF88C2B209EE000BB63F1;
					};
				};
			};
			buildConfigurationList = 7A5DF8882B209EE000BB63F1 /* Build configuration list for PBXProject "intro_uikit" */;
			compatibilityVersion = "Xcode 14.0";
			developmentRegion = en;
			hasScannedForEncodings = 0;
			knownRegions = (
				en,
				Base,
			);
			mainGroup = 7A5DF8842B209EE000BB63F1;
			productRefGroup = 7A5DF88E2B209EE000BB63F1 /* Products */;
			projectDirPath = "";
			projectRoot = "";
			targets = (
				7A5DF88C2B209EE000BB63F1 /* intro_uikit */,
				7A5DF8A22B209EE300BB63F1 /* intro_uikitTests */,
				7A5DF8AC2B209EE300BB63F1 /* intro_uikitUITests */,
			);
		};
/* End PBXProject section */

/* Begin PBXResourcesBuildPhase section */
		7A5DF88B2B209EE000BB63F1 /* Resources */ = {
			isa = PBXResourcesBuildPhase;
			buildActionMask = 2147483647;
			files = (
				7A5DF8D12B20C45C00BB63F1 /* zeng-yili-a6Qmzhjzc0M-unsplash.jpg in Resources */,
				7A5DF8D42B20C45C00BB63F1 /* grab-3z9oSasKbeA-unsplash.jpg in Resources */,
				7A5DF89D2B209EE300BB63F1 /* LaunchScreen.storyboard in Resources */,
				7A5DF8D22B20C45C00BB63F1 /* maeva-vigier-8L85v53b8C0-unsplash.jpg in Resources */,
				7A5DF89A2B209EE200BB63F1 /* Assets.xcassets in Resources */,
				7A5DF8982B209EE000BB63F1 /* Main.storyboard in Resources */,
				7A5DF8D32B20C45C00BB63F1 /* claudio-schwarz-tPg2jQrh8Gs-unsplash.jpg in Resources */,
			);
			runOnlyForDeploymentPostprocessing = 0;
		};
		7A5DF8A12B209EE300BB63F1 /* Resources */ = {
			isa = PBXResourcesBuildPhase;
			buildActionMask = 2147483647;
			files = (
			);
			runOnlyForDeploymentPostprocessing = 0;
		};
		7A5DF8AB2B209EE300BB63F1 /* Resources */ = {
			isa = PBXResourcesBuildPhase;
			buildActionMask = 2147483647;
			files = (
			);
			runOnlyForDeploymentPostprocessing = 0;
		};
/* End PBXResourcesBuildPhase section */

/* Begin PBXSourcesBuildPhase section */
		7A5DF8892B209EE000BB63F1 /* Sources */ = {
			isa = PBXSourcesBuildPhase;
			buildActionMask = 2147483647;
			files = (
				AB05DB7D2B37313300350F98 /* DocumentViewController.swift in Sources */,
				7A5DF8952B209EE000BB63F1 /* ViewController.swift in Sources */,
				7A5DF8912B209EE000BB63F1 /* AppDelegate.swift in Sources */,
				7A5DF8C42B20ABAF00BB63F1 /* DocumentTableViewController.swift in Sources */,
				7A5DF8932B209EE000BB63F1 /* SceneDelegate.swift in Sources */,
			);
			runOnlyForDeploymentPostprocessing = 0;
		};
		7A5DF89F2B209EE300BB63F1 /* Sources */ = {
			isa = PBXSourcesBuildPhase;
			buildActionMask = 2147483647;
			files = (
				7A5DF8A82B209EE300BB63F1 /* intro_uikitTests.swift in Sources */,
			);
			runOnlyForDeploymentPostprocessing = 0;
		};
		7A5DF8A92B209EE300BB63F1 /* Sources */ = {
			isa = PBXSourcesBuildPhase;
			buildActionMask = 2147483647;
			files = (
				7A5DF8B42B209EE300BB63F1 /* intro_uikitUITestsLaunchTests.swift in Sources */,
				7A5DF8B22B209EE300BB63F1 /* intro_uikitUITests.swift in Sources */,
			);
			runOnlyForDeploymentPostprocessing = 0;
		};
/* End PBXSourcesBuildPhase section */

/* Begin PBXTargetDependency section */
		7A5DF8A52B209EE300BB63F1 /* PBXTargetDependency */ = {
			isa = PBXTargetDependency;
			target = 7A5DF88C2B209EE000BB63F1 /* intro_uikit */;
			targetProxy = 7A5DF8A42B209EE300BB63F1 /* PBXContainerItemProxy */;
		};
		7A5DF8AF2B209EE300BB63F1 /* PBXTargetDependency */ = {
			isa = PBXTargetDependency;
			target = 7A5DF88C2B209EE000BB63F1 /* intro_uikit */;
			targetProxy = 7A5DF8AE2B209EE300BB63F1 /* PBXContainerItemProxy */;
		};
/* End PBXTargetDependency section */

/* Begin PBXVariantGroup section */
		7A5DF8962B209EE000BB63F1 /* Main.storyboard */ = {
			isa = PBXVariantGroup;
			children = (
				7A5DF8972B209EE000BB63F1 /* Base */,
			);
			name = Main.storyboard;
			sourceTree = "<group>";
		};
		7A5DF89B2B209EE300BB63F1 /* LaunchScreen.storyboard */ = {
			isa = PBXVariantGroup;
			children = (
				7A5DF89C2B209EE300BB63F1 /* Base */,
			);
			name = LaunchScreen.storyboard;
			sourceTree = "<group>";
		};
/* End PBXVariantGroup section */

/* Begin XCBuildConfiguration section */
		7A5DF8B52B209EE300BB63F1 /* Debug */ = {
			isa = XCBuildConfiguration;
			buildSettings = {
				ALWAYS_SEARCH_USER_PATHS = NO;
				CLANG_ANALYZER_NONNULL = YES;
				CLANG_ANALYZER_NUMBER_OBJECT_CONVERSION = YES_AGGRESSIVE;
				CLANG_CXX_LANGUAGE_STANDARD = "gnu++20";
				CLANG_ENABLE_MODULES = YES;
				CLANG_ENABLE_OBJC_ARC = YES;
				CLANG_ENABLE_OBJC_WEAK = YES;
				CLANG_WARN_BLOCK_CAPTURE_AUTORELEASING = YES;
				CLANG_WARN_BOOL_CONVERSION = YES;
				CLANG_WARN_COMMA = YES;
				CLANG_WARN_CONSTANT_CONVERSION = YES;
				CLANG_WARN_DEPRECATED_OBJC_IMPLEMENTATIONS = YES;
				CLANG_WARN_DIRECT_OBJC_ISA_USAGE = YES_ERROR;
				CLANG_WARN_DOCUMENTATION_COMMENTS = YES;
				CLANG_WARN_EMPTY_BODY = YES;
				CLANG_WARN_ENUM_CONVERSION = YES;
				CLANG_WARN_INFINITE_RECURSION = YES;
				CLANG_WARN_INT_CONVERSION = YES;
				CLANG_WARN_NON_LITERAL_NULL_CONVERSION = YES;
				CLANG_WARN_OBJC_IMPLICIT_RETAIN_SELF = YES;
				CLANG_WARN_OBJC_LITERAL_CONVERSION = YES;
				CLANG_WARN_OBJC_ROOT_CLASS = YES_ERROR;
				CLANG_WARN_QUOTED_INCLUDE_IN_FRAMEWORK_HEADER = YES;
				CLANG_WARN_RANGE_LOOP_ANALYSIS = YES;
				CLANG_WARN_STRICT_PROTOTYPES = YES;
				CLANG_WARN_SUSPICIOUS_MOVE = YES;
				CLANG_WARN_UNGUARDED_AVAILABILITY = YES_AGGRESSIVE;
				CLANG_WARN_UNREACHABLE_CODE = YES;
				CLANG_WARN__DUPLICATE_METHOD_MATCH = YES;
				COPY_PHASE_STRIP = NO;
				DEBUG_INFORMATION_FORMAT = dwarf;
				ENABLE_STRICT_OBJC_MSGSEND = YES;
				ENABLE_TESTABILITY = YES;
				GCC_C_LANGUAGE_STANDARD = gnu11;
				GCC_DYNAMIC_NO_PIC = NO;
				GCC_NO_COMMON_BLOCKS = YES;
				GCC_OPTIMIZATION_LEVEL = 0;
				GCC_PREPROCESSOR_DEFINITIONS = (
					"DEBUG=1",
					"$(inherited)",
				);
				GCC_WARN_64_TO_32_BIT_CONVERSION = YES;
				GCC_WARN_ABOUT_RETURN_TYPE = YES_ERROR;
				GCC_WARN_UNDECLARED_SELECTOR = YES;
				GCC_WARN_UNINITIALIZED_AUTOS = YES_AGGRESSIVE;
				GCC_WARN_UNUSED_FUNCTION = YES;
				GCC_WARN_UNUSED_VARIABLE = YES;
				IPHONEOS_DEPLOYMENT_TARGET = 16.2;
				MTL_ENABLE_DEBUG_INFO = INCLUDE_SOURCE;
				MTL_FAST_MATH = YES;
				ONLY_ACTIVE_ARCH = YES;
				SDKROOT = iphoneos;
				SWIFT_ACTIVE_COMPILATION_CONDITIONS = DEBUG;
				SWIFT_OPTIMIZATION_LEVEL = "-Onone";
			};
			name = Debug;
		};
		7A5DF8B62B209EE300BB63F1 /* Release */ = {
			isa = XCBuildConfiguration;
			buildSettings = {
				ALWAYS_SEARCH_USER_PATHS = NO;
				CLANG_ANALYZER_NONNULL = YES;
				CLANG_ANALYZER_NUMBER_OBJECT_CONVERSION = YES_AGGRESSIVE;
				CLANG_CXX_LANGUAGE_STANDARD = "gnu++20";
				CLANG_ENABLE_MODULES = YES;
				CLANG_ENABLE_OBJC_ARC = YES;
				CLANG_ENABLE_OBJC_WEAK = YES;
				CLANG_WARN_BLOCK_CAPTURE_AUTORELEASING = YES;
				CLANG_WARN_BOOL_CONVERSION = YES;
				CLANG_WARN_COMMA = YES;
				CLANG_WARN_CONSTANT_CONVERSION = YES;
				CLANG_WARN_DEPRECATED_OBJC_IMPLEMENTATIONS = YES;
				CLANG_WARN_DIRECT_OBJC_ISA_USAGE = YES_ERROR;
				CLANG_WARN_DOCUMENTATION_COMMENTS = YES;
				CLANG_WARN_EMPTY_BODY = YES;
				CLANG_WARN_ENUM_CONVERSION = YES;
				CLANG_WARN_INFINITE_RECURSION = YES;
				CLANG_WARN_INT_CONVERSION = YES;
				CLANG_WARN_NON_LITERAL_NULL_CONVERSION = YES;
				CLANG_WARN_OBJC_IMPLICIT_RETAIN_SELF = YES;
				CLANG_WARN_OBJC_LITERAL_CONVERSION = YES;
				CLANG_WARN_OBJC_ROOT_CLASS = YES_ERROR;
				CLANG_WARN_QUOTED_INCLUDE_IN_FRAMEWORK_HEADER = YES;
				CLANG_WARN_RANGE_LOOP_ANALYSIS = YES;
				CLANG_WARN_STRICT_PROTOTYPES = YES;
				CLANG_WARN_SUSPICIOUS_MOVE = YES;
				CLANG_WARN_UNGUARDED_AVAILABILITY = YES_AGGRESSIVE;
				CLANG_WARN_UNREACHABLE_CODE = YES;
				CLANG_WARN__DUPLICATE_METHOD_MATCH = YES;
				COPY_PHASE_STRIP = NO;
				DEBUG_INFORMATION_FORMAT = "dwarf-with-dsym";
				ENABLE_NS_ASSERTIONS = NO;
				ENABLE_STRICT_OBJC_MSGSEND = YES;
				GCC_C_LANGUAGE_STANDARD = gnu11;
				GCC_NO_COMMON_BLOCKS = YES;
				GCC_WARN_64_TO_32_BIT_CONVERSION = YES;
				GCC_WARN_ABOUT_RETURN_TYPE = YES_ERROR;
				GCC_WARN_UNDECLARED_SELECTOR = YES;
				GCC_WARN_UNINITIALIZED_AUTOS = YES_AGGRESSIVE;
				GCC_WARN_UNUSED_FUNCTION = YES;
				GCC_WARN_UNUSED_VARIABLE = YES;
				IPHONEOS_DEPLOYMENT_TARGET = 16.2;
				MTL_ENABLE_DEBUG_INFO = NO;
				MTL_FAST_MATH = YES;
				SDKROOT = iphoneos;
				SWIFT_COMPILATION_MODE = wholemodule;
				SWIFT_OPTIMIZATION_LEVEL = "-O";
				VALIDATE_PRODUCT = YES;
			};
			name = Release;
		};
		7A5DF8B82B209EE300BB63F1 /* Debug */ = {
			isa = XCBuildConfiguration;
			buildSettings = {
				ASSETCATALOG_COMPILER_APPICON_NAME = AppIcon;
				ASSETCATALOG_COMPILER_GLOBAL_ACCENT_COLOR_NAME = AccentColor;
				CODE_SIGN_STYLE = Automatic;
				CURRENT_PROJECT_VERSION = 1;
				DEVELOPMENT_TEAM = 6V8Z3B326L;
				GENERATE_INFOPLIST_FILE = YES;
				INFOPLIST_FILE = intro_uikit/Info.plist;
				INFOPLIST_KEY_UIApplicationSupportsIndirectInputEvents = YES;
				INFOPLIST_KEY_UILaunchStoryboardName = LaunchScreen;
				INFOPLIST_KEY_UIMainStoryboardFile = Main;
				INFOPLIST_KEY_UISupportedInterfaceOrientations_iPad = "UIInterfaceOrientationPortrait UIInterfaceOrientationPortraitUpsideDown UIInterfaceOrientationLandscapeLeft UIInterfaceOrientationLandscapeRight";
				INFOPLIST_KEY_UISupportedInterfaceOrientations_iPhone = "UIInterfaceOrientationPortrait UIInterfaceOrientationLandscapeLeft UIInterfaceOrientationLandscapeRight";
				IPHONEOS_DEPLOYMENT_TARGET = 16.0;
				LD_RUNPATH_SEARCH_PATHS = (
					"$(inherited)",
					"@executable_path/Frameworks",
				);
				MARKETING_VERSION = 1.0;
				PRODUCT_BUNDLE_IDENTIFIER = "henriaurelienben.intro-uikit";
				PRODUCT_NAME = "$(TARGET_NAME)";
				SWIFT_EMIT_LOC_STRINGS = YES;
				SWIFT_VERSION = 5.0;
				TARGETED_DEVICE_FAMILY = "1,2";
			};
			name = Debug;
		};
		7A5DF8B92B209EE300BB63F1 /* Release */ = {
			isa = XCBuildConfiguration;
			buildSettings = {
				ASSETCATALOG_COMPILER_APPICON_NAME = AppIcon;
				ASSETCATALOG_COMPILER_GLOBAL_ACCENT_COLOR_NAME = AccentColor;
				CODE_SIGN_STYLE = Automatic;
				CURRENT_PROJECT_VERSION = 1;
				DEVELOPMENT_TEAM = 6V8Z3B326L;
				GENERATE_INFOPLIST_FILE = YES;
				INFOPLIST_FILE = intro_uikit/Info.plist;
				INFOPLIST_KEY_UIApplicationSupportsIndirectInputEvents = YES;
				INFOPLIST_KEY_UILaunchStoryboardName = LaunchScreen;
				INFOPLIST_KEY_UIMainStoryboardFile = Main;
				INFOPLIST_KEY_UISupportedInterfaceOrientations_iPad = "UIInterfaceOrientationPortrait UIInterfaceOrientationPortraitUpsideDown UIInterfaceOrientationLandscapeLeft UIInterfaceOrientationLandscapeRight";
				INFOPLIST_KEY_UISupportedInterfaceOrientations_iPhone = "UIInterfaceOrientationPortrait UIInterfaceOrientationLandscapeLeft UIInterfaceOrientationLandscapeRight";
				IPHONEOS_DEPLOYMENT_TARGET = 16.0;
				LD_RUNPATH_SEARCH_PATHS = (
					"$(inherited)",
					"@executable_path/Frameworks",
				);
				MARKETING_VERSION = 1.0;
				PRODUCT_BUNDLE_IDENTIFIER = "henriaurelienben.intro-uikit";
				PRODUCT_NAME = "$(TARGET_NAME)";
				SWIFT_EMIT_LOC_STRINGS = YES;
				SWIFT_VERSION = 5.0;
				TARGETED_DEVICE_FAMILY = "1,2";
			};
			name = Release;
		};
		7A5DF8BB2B209EE300BB63F1 /* Debug */ = {
			isa = XCBuildConfiguration;
			buildSettings = {
				ALWAYS_EMBED_SWIFT_STANDARD_LIBRARIES = YES;
				BUNDLE_LOADER = "$(TEST_HOST)";
				CODE_SIGN_STYLE = Automatic;
				CURRENT_PROJECT_VERSION = 1;
				GENERATE_INFOPLIST_FILE = YES;
				IPHONEOS_DEPLOYMENT_TARGET = 16.2;
				MARKETING_VERSION = 1.0;
				PRODUCT_BUNDLE_IDENTIFIER = "henriaurelienben.intro-uikitTests";
				PRODUCT_NAME = "$(TARGET_NAME)";
				SWIFT_EMIT_LOC_STRINGS = NO;
				SWIFT_VERSION = 5.0;
				TARGETED_DEVICE_FAMILY = "1,2";
				TEST_HOST = "$(BUILT_PRODUCTS_DIR)/intro_uikit.app/$(BUNDLE_EXECUTABLE_FOLDER_PATH)/intro_uikit";
			};
			name = Debug;
		};
		7A5DF8BC2B209EE300BB63F1 /* Release */ = {
			isa = XCBuildConfiguration;
			buildSettings = {
				ALWAYS_EMBED_SWIFT_STANDARD_LIBRARIES = YES;
				BUNDLE_LOADER = "$(TEST_HOST)";
				CODE_SIGN_STYLE = Automatic;
				CURRENT_PROJECT_VERSION = 1;
				GENERATE_INFOPLIST_FILE = YES;
				IPHONEOS_DEPLOYMENT_TARGET = 16.2;
				MARKETING_VERSION = 1.0;
				PRODUCT_BUNDLE_IDENTIFIER = "henriaurelienben.intro-uikitTests";
				PRODUCT_NAME = "$(TARGET_NAME)";
				SWIFT_EMIT_LOC_STRINGS = NO;
				SWIFT_VERSION = 5.0;
				TARGETED_DEVICE_FAMILY = "1,2";
				TEST_HOST = "$(BUILT_PRODUCTS_DIR)/intro_uikit.app/$(BUNDLE_EXECUTABLE_FOLDER_PATH)/intro_uikit";
			};
			name = Release;
		};
		7A5DF8BE2B209EE300BB63F1 /* Debug */ = {
			isa = XCBuildConfiguration;
			buildSettings = {
				ALWAYS_EMBED_SWIFT_STANDARD_LIBRARIES = YES;
				CODE_SIGN_STYLE = Automatic;
				CURRENT_PROJECT_VERSION = 1;
				GENERATE_INFOPLIST_FILE = YES;
				MARKETING_VERSION = 1.0;
				PRODUCT_BUNDLE_IDENTIFIER = "henriaurelienben.intro-uikitUITests";
				PRODUCT_NAME = "$(TARGET_NAME)";
				SWIFT_EMIT_LOC_STRINGS = NO;
				SWIFT_VERSION = 5.0;
				TARGETED_DEVICE_FAMILY = "1,2";
				TEST_TARGET_NAME = intro_uikit;
			};
			name = Debug;
		};
		7A5DF8BF2B209EE300BB63F1 /* Release */ = {
			isa = XCBuildConfiguration;
			buildSettings = {
				ALWAYS_EMBED_SWIFT_STANDARD_LIBRARIES = YES;
				CODE_SIGN_STYLE = Automatic;
				CURRENT_PROJECT_VERSION = 1;
				GENERATE_INFOPLIST_FILE = YES;
				MARKETING_VERSION = 1.0;
				PRODUCT_BUNDLE_IDENTIFIER = "henriaurelienben.intro-uikitUITests";
				PRODUCT_NAME = "$(TARGET_NAME)";
				SWIFT_EMIT_LOC_STRINGS = NO;
				SWIFT_VERSION = 5.0;
				TARGETED_DEVICE_FAMILY = "1,2";
				TEST_TARGET_NAME = intro_uikit;
			};
			name = Release;
		};
/* End XCBuildConfiguration section */

/* Begin XCConfigurationList section */
		7A5DF8882B209EE000BB63F1 /* Build configuration list for PBXProject "intro_uikit" */ = {
			isa = XCConfigurationList;
			buildConfigurations = (
				7A5DF8B52B209EE300BB63F1 /* Debug */,
				7A5DF8B62B209EE300BB63F1 /* Release */,
			);
			defaultConfigurationIsVisible = 0;
			defaultConfigurationName = Release;
		};
		7A5DF8B72B209EE300BB63F1 /* Build configuration list for PBXNativeTarget "intro_uikit" */ = {
			isa = XCConfigurationList;
			buildConfigurations = (
				7A5DF8B82B209EE300BB63F1 /* Debug */,
				7A5DF8B92B209EE300BB63F1 /* Release */,
			);
			defaultConfigurationIsVisible = 0;
			defaultConfigurationName = Release;
		};
		7A5DF8BA2B209EE300BB63F1 /* Build configuration list for PBXNativeTarget "intro_uikitTests" */ = {
			isa = XCConfigurationList;
			buildConfigurations = (
				7A5DF8BB2B209EE300BB63F1 /* Debug */,
				7A5DF8BC2B209EE300BB63F1 /* Release */,
			);
			defaultConfigurationIsVisible = 0;
			defaultConfigurationName = Release;
		};
		7A5DF8BD2B209EE300BB63F1 /* Build configuration list for PBXNativeTarget "intro_uikitUITests" */ = {
			isa = XCConfigurationList;
			buildConfigurations = (
				7A5DF8BE2B209EE300BB63F1 /* Debug */,
				7A5DF8BF2B209EE300BB63F1 /* Release */,
			);
			defaultConfigurationIsVisible = 0;
			defaultConfigurationName = Release;
		};
/* End XCConfigurationList section */
	};
	rootObject = 7A5DF8852B209EE000BB63F1 /* Project object */;
}
